// !$*UTF8*$!
{
	archiveVersion = 1;
	classes = {
	};
	objectVersion = 50;
	objects = {

/* Begin PBXBuildFile section */
		F594256822D104A2009CA171 /* TaxViewController.swift in Sources */ = {isa = PBXBuildFile; fileRef = F594256722D104A2009CA171 /* TaxViewController.swift */; };
		F594256A22D104BC009CA171 /* TipViewController.swift in Sources */ = {isa = PBXBuildFile; fileRef = F594256922D104BC009CA171 /* TipViewController.swift */; };
		F594256C22D110A9009CA171 /* PageViewController.swift in Sources */ = {isa = PBXBuildFile; fileRef = F594256B22D110A9009CA171 /* PageViewController.swift */; };
		F5A204EA22CDBFEE00739A44 /* AppDelegate.swift in Sources */ = {isa = PBXBuildFile; fileRef = F5A204E922CDBFEE00739A44 /* AppDelegate.swift */; };
		F5A204EF22CDBFEE00739A44 /* Main.storyboard in Resources */ = {isa = PBXBuildFile; fileRef = F5A204ED22CDBFEE00739A44 /* Main.storyboard */; };
		F5A204F122CDBFF500739A44 /* Assets.xcassets in Resources */ = {isa = PBXBuildFile; fileRef = F5A204F022CDBFF500739A44 /* Assets.xcassets */; };
		F5A204F422CDBFF500739A44 /* LaunchScreen.storyboard in Resources */ = {isa = PBXBuildFile; fileRef = F5A204F222CDBFF500739A44 /* LaunchScreen.storyboard */; };
/* End PBXBuildFile section */

/* Begin PBXFileReference section */
		F594256722D104A2009CA171 /* TaxViewController.swift */ = {isa = PBXFileReference; lastKnownFileType = sourcecode.swift; path = TaxViewController.swift; sourceTree = "<group>"; };
		F594256922D104BC009CA171 /* TipViewController.swift */ = {isa = PBXFileReference; lastKnownFileType = sourcecode.swift; path = TipViewController.swift; sourceTree = "<group>"; };
		F594256B22D110A9009CA171 /* PageViewController.swift */ = {isa = PBXFileReference; lastKnownFileType = sourcecode.swift; path = PageViewController.swift; sourceTree = "<group>"; };
		F5A204E622CDBFEE00739A44 /* Tax -N- Tip.app */ = {isa = PBXFileReference; explicitFileType = wrapper.application; includeInIndex = 0; path = "Tax -N- Tip.app"; sourceTree = BUILT_PRODUCTS_DIR; };
		F5A204E922CDBFEE00739A44 /* AppDelegate.swift */ = {isa = PBXFileReference; lastKnownFileType = sourcecode.swift; path = AppDelegate.swift; sourceTree = "<group>"; };
		F5A204EE22CDBFEE00739A44 /* Base */ = {isa = PBXFileReference; lastKnownFileType = file.storyboard; name = Base; path = Base.lproj/Main.storyboard; sourceTree = "<group>"; };
		F5A204F022CDBFF500739A44 /* Assets.xcassets */ = {isa = PBXFileReference; lastKnownFileType = folder.assetcatalog; path = Assets.xcassets; sourceTree = "<group>"; };
		F5A204F322CDBFF500739A44 /* Base */ = {isa = PBXFileReference; lastKnownFileType = file.storyboard; name = Base; path = Base.lproj/LaunchScreen.storyboard; sourceTree = "<group>"; };
		F5A204F522CDBFF500739A44 /* Info.plist */ = {isa = PBXFileReference; lastKnownFileType = text.plist.xml; path = Info.plist; sourceTree = "<group>"; };
/* End PBXFileReference section */

/* Begin PBXFrameworksBuildPhase section */
		F5A204E322CDBFED00739A44 /* Frameworks */ = {
			isa = PBXFrameworksBuildPhase;
			buildActionMask = 2147483647;
			files = (
			);
			runOnlyForDeploymentPostprocessing = 0;
		};
/* End PBXFrameworksBuildPhase section */

/* Begin PBXGroup section */
		F5A204DD22CDBFED00739A44 = {
			isa = PBXGroup;
			children = (
				F5A204E822CDBFEE00739A44 /* Tax -N- Tip */,
				F5A204E722CDBFEE00739A44 /* Products */,
			);
			sourceTree = "<group>";
		};
		F5A204E722CDBFEE00739A44 /* Products */ = {
			isa = PBXGroup;
			children = (
				F5A204E622CDBFEE00739A44 /* Tax -N- Tip.app */,
			);
			name = Products;
			sourceTree = "<group>";
		};
		F5A204E822CDBFEE00739A44 /* Tax -N- Tip */ = {
			isa = PBXGroup;
			children = (
				F5A204E922CDBFEE00739A44 /* AppDelegate.swift */,
				F594256722D104A2009CA171 /* TaxViewController.swift */,
				F594256922D104BC009CA171 /* TipViewController.swift */,
				F5A204ED22CDBFEE00739A44 /* Main.storyboard */,
				F594256B22D110A9009CA171 /* PageViewController.swift */,
				F5A204F022CDBFF500739A44 /* Assets.xcassets */,
				F5A204F222CDBFF500739A44 /* LaunchScreen.storyboard */,
				F5A204F522CDBFF500739A44 /* Info.plist */,
			);
			path = "Tax -N- Tip";
			sourceTree = "<group>";
		};
/* End PBXGroup section */

/* Begin PBXNativeTarget section */
		F5A204E522CDBFED00739A44 /* Tax -N- Tip */ = {
			isa = PBXNativeTarget;
			buildConfigurationList = F5A204F822CDBFF500739A44 /* Build configuration list for PBXNativeTarget "Tax -N- Tip" */;
			buildPhases = (
				F5A204E222CDBFED00739A44 /* Sources */,
				F5A204E322CDBFED00739A44 /* Frameworks */,
				F5A204E422CDBFED00739A44 /* Resources */,
			);
			buildRules = (
			);
			dependencies = (
			);
			name = "Tax -N- Tip";
			productName = "Tax -N- Tip";
			productReference = F5A204E622CDBFEE00739A44 /* Tax -N- Tip.app */;
			productType = "com.apple.product-type.application";
		};
/* End PBXNativeTarget section */

/* Begin PBXProject section */
		F5A204DE22CDBFED00739A44 /* Project object */ = {
			isa = PBXProject;
			attributes = {
				LastSwiftUpdateCheck = 1020;
				LastUpgradeCheck = 1020;
				ORGANIZATIONNAME = DarenDavis.com;
				TargetAttributes = {
					F5A204E522CDBFED00739A44 = {
						CreatedOnToolsVersion = 10.2;
					};
				};
			};
			buildConfigurationList = F5A204E122CDBFED00739A44 /* Build configuration list for PBXProject "Tax -N- Tip" */;
			compatibilityVersion = "Xcode 9.3";
			developmentRegion = en;
			hasScannedForEncodings = 0;
			knownRegions = (
				en,
				Base,
			);
			mainGroup = F5A204DD22CDBFED00739A44;
			productRefGroup = F5A204E722CDBFEE00739A44 /* Products */;
			projectDirPath = "";
			projectRoot = "";
			targets = (
				F5A204E522CDBFED00739A44 /* Tax -N- Tip */,
			);
		};
/* End PBXProject section */

/* Begin PBXResourcesBuildPhase section */
		F5A204E422CDBFED00739A44 /* Resources */ = {
			isa = PBXResourcesBuildPhase;
			buildActionMask = 2147483647;
			files = (
				F5A204F422CDBFF500739A44 /* LaunchScreen.storyboard in Resources */,
				F5A204F122CDBFF500739A44 /* Assets.xcassets in Resources */,
				F5A204EF22CDBFEE00739A44 /* Main.storyboard in Resources */,
			);
			runOnlyForDeploymentPostprocessing = 0;
		};
/* End PBXResourcesBuildPhase section */

/* Begin PBXSourcesBuildPhase section */
		F5A204E222CDBFED00739A44 /* Sources */ = {
			isa = PBXSourcesBuildPhase;
			buildActionMask = 2147483647;
			files = (
				F5A204EA22CDBFEE00739A44 /* AppDelegate.swift in Sources */,
				F594256A22D104BC009CA171 /* TipViewController.swift in Sources */,
				F594256822D104A2009CA171 /* TaxViewController.swift in Sources */,
				F594256C22D110A9009CA171 /* PageViewController.swift in Sources */,
			);
			runOnlyForDeploymentPostprocessing = 0;
		};
/* End PBXSourcesBuildPhase section */

/* Begin PBXVariantGroup section */
		F5A204ED22CDBFEE00739A44 /* Main.storyboard */ = {
			isa = PBXVariantGroup;
			children = (
				F5A204EE22CDBFEE00739A44 /* Base */,
			);
			name = Main.storyboard;
			sourceTree = "<group>";
		};
		F5A204F222CDBFF500739A44 /* LaunchScreen.storyboard */ = {
			isa = PBXVariantGroup;
			children = (
				F5A204F322CDBFF500739A44 /* Base */,
			);
			name = LaunchScreen.storyboard;
			sourceTree = "<group>";
		};
/* End PBXVariantGroup section */

/* Begin XCBuildConfiguration section */
		F5A204F622CDBFF500739A44 /* Debug */ = {
			isa = XCBuildConfiguration;
			buildSettings = {
				ALWAYS_SEARCH_USER_PATHS = NO;
				CLANG_ANALYZER_NONNULL = YES;
				CLANG_ANALYZER_NUMBER_OBJECT_CONVERSION = YES_AGGRESSIVE;
				CLANG_CXX_LANGUAGE_STANDARD = "gnu++14";
				CLANG_CXX_LIBRARY = "libc++";
				CLANG_ENABLE_MODULES = YES;
				CLANG_ENABLE_OBJC_ARC = YES;
				CLANG_ENABLE_OBJC_WEAK = YES;
				CLANG_WARN_BLOCK_CAPTURE_AUTORELEASING = YES;
				CLANG_WARN_BOOL_CONVERSION = YES;
				CLANG_WARN_COMMA = YES;
				CLANG_WARN_CONSTANT_CONVERSION = YES;
				CLANG_WARN_DEPRECATED_OBJC_IMPLEMENTATIONS = YES;
				CLANG_WARN_DIRECT_OBJC_ISA_USAGE = YES_ERROR;
				CLANG_WARN_DOCUMENTATION_COMMENTS = YES;
				CLANG_WARN_EMPTY_BODY = YES;
				CLANG_WARN_ENUM_CONVERSION = YES;
				CLANG_WARN_INFINITE_RECURSION = YES;
				CLANG_WARN_INT_CONVERSION = YES;
				CLANG_WARN_NON_LITERAL_NULL_CONVERSION = YES;
				CLANG_WARN_OBJC_IMPLICIT_RETAIN_SELF = YES;
				CLANG_WARN_OBJC_LITERAL_CONVERSION = YES;
				CLANG_WARN_OBJC_ROOT_CLASS = YES_ERROR;
				CLANG_WARN_RANGE_LOOP_ANALYSIS = YES;
				CLANG_WARN_STRICT_PROTOTYPES = YES;
				CLANG_WARN_SUSPICIOUS_MOVE = YES;
				CLANG_WARN_UNGUARDED_AVAILABILITY = YES_AGGRESSIVE;
				CLANG_WARN_UNREACHABLE_CODE = YES;
				CLANG_WARN__DUPLICATE_METHOD_MATCH = YES;
				CODE_SIGN_IDENTITY = "iPhone Developer";
				COPY_PHASE_STRIP = NO;
				DEBUG_INFORMATION_FORMAT = dwarf;
				ENABLE_STRICT_OBJC_MSGSEND = YES;
				ENABLE_TESTABILITY = YES;
				GCC_C_LANGUAGE_STANDARD = gnu11;
				GCC_DYNAMIC_NO_PIC = NO;
				GCC_NO_COMMON_BLOCKS = YES;
				GCC_OPTIMIZATION_LEVEL = 0;
				GCC_PREPROCESSOR_DEFINITIONS = (
					"DEBUG=1",
					"$(inherited)",
				);
				GCC_WARN_64_TO_32_BIT_CONVERSION = YES;
				GCC_WARN_ABOUT_RETURN_TYPE = YES_ERROR;
				GCC_WARN_UNDECLARED_SELECTOR = YES;
				GCC_WARN_UNINITIALIZED_AUTOS = YES_AGGRESSIVE;
				GCC_WARN_UNUSED_FUNCTION = YES;
				GCC_WARN_UNUSED_VARIABLE = YES;
				IPHONEOS_DEPLOYMENT_TARGET = 12.2;
				MTL_ENABLE_DEBUG_INFO = INCLUDE_SOURCE;
				MTL_FAST_MATH = YES;
				ONLY_ACTIVE_ARCH = YES;
				SDKROOT = iphoneos;
				SWIFT_ACTIVE_COMPILATION_CONDITIONS = DEBUG;
				SWIFT_OPTIMIZATION_LEVEL = "-Onone";
			};
			name = Debug;
		};
		F5A204F722CDBFF500739A44 /* Release */ = {
			isa = XCBuildConfiguration;
			buildSettings = {
				ALWAYS_SEARCH_USER_PATHS = NO;
				CLANG_ANALYZER_NONNULL = YES;
				CLANG_ANALYZER_NUMBER_OBJECT_CONVERSION = YES_AGGRESSIVE;
				CLANG_CXX_LANGUAGE_STANDARD = "gnu++14";
				CLANG_CXX_LIBRARY = "libc++";
				CLANG_ENABLE_MODULES = YES;
				CLANG_ENABLE_OBJC_ARC = YES;
				CLANG_ENABLE_OBJC_WEAK = YES;
				CLANG_WARN_BLOCK_CAPTURE_AUTORELEASING = YES;
				CLANG_WARN_BOOL_CONVERSION = YES;
				CLANG_WARN_COMMA = YES;
				CLANG_WARN_CONSTANT_CONVERSION = YES;
				CLANG_WARN_DEPRECATED_OBJC_IMPLEMENTATIONS = YES;
				CLANG_WARN_DIRECT_OBJC_ISA_USAGE = YES_ERROR;
				CLANG_WARN_DOCUMENTATION_COMMENTS = YES;
				CLANG_WARN_EMPTY_BODY = YES;
				CLANG_WARN_ENUM_CONVERSION = YES;
				CLANG_WARN_INFINITE_RECURSION = YES;
				CLANG_WARN_INT_CONVERSION = YES;
				CLANG_WARN_NON_LITERAL_NULL_CONVERSION = YES;
				CLANG_WARN_OBJC_IMPLICIT_RETAIN_SELF = YES;
				CLANG_WARN_OBJC_LITERAL_CONVERSION = YES;
				CLANG_WARN_OBJC_ROOT_CLASS = YES_ERROR;
				CLANG_WARN_RANGE_LOOP_ANALYSIS = YES;
				CLANG_WARN_STRICT_PROTOTYPES = YES;
				CLANG_WARN_SUSPICIOUS_MOVE = YES;
				CLANG_WARN_UNGUARDED_AVAILABILITY = YES_AGGRESSIVE;
				CLANG_WARN_UNREACHABLE_CODE = YES;
				CLANG_WARN__DUPLICATE_METHOD_MATCH = YES;
				CODE_SIGN_IDENTITY = "iPhone Developer";
				COPY_PHASE_STRIP = NO;
				DEBUG_INFORMATION_FORMAT = "dwarf-with-dsym";
				ENABLE_NS_ASSERTIONS = NO;
				ENABLE_STRICT_OBJC_MSGSEND = YES;
				GCC_C_LANGUAGE_STANDARD = gnu11;
				GCC_NO_COMMON_BLOCKS = YES;
				GCC_WARN_64_TO_32_BIT_CONVERSION = YES;
				GCC_WARN_ABOUT_RETURN_TYPE = YES_ERROR;
				GCC_WARN_UNDECLARED_SELECTOR = YES;
				GCC_WARN_UNINITIALIZED_AUTOS = YES_AGGRESSIVE;
				GCC_WARN_UNUSED_FUNCTION = YES;
				GCC_WARN_UNUSED_VARIABLE = YES;
				IPHONEOS_DEPLOYMENT_TARGET = 12.2;
				MTL_ENABLE_DEBUG_INFO = NO;
				MTL_FAST_MATH = YES;
				SDKROOT = iphoneos;
				SWIFT_COMPILATION_MODE = wholemodule;
				SWIFT_OPTIMIZATION_LEVEL = "-O";
				VALIDATE_PRODUCT = YES;
			};
			name = Release;
		};
		F5A204F922CDBFF500739A44 /* Debug */ = {
			isa = XCBuildConfiguration;
			buildSettings = {
				ASSETCATALOG_COMPILER_APPICON_NAME = AppIcon;
				CODE_SIGN_STYLE = Automatic;
				DEVELOPMENT_TEAM = 79MHJG2849;
				INFOPLIST_FILE = "Tax -N- Tip/Info.plist";
				LD_RUNPATH_SEARCH_PATHS = (
					"$(inherited)",
					"@executable_path/Frameworks",
				);
				PRODUCT_BUNDLE_IDENTIFIER = "com.CodeKaizen.Tax--N--Tip";
				PRODUCT_NAME = "$(TARGET_NAME)";
				SWIFT_VERSION = 5.0;
				TARGETED_DEVICE_FAMILY = "1,2";
			};
			name = Debug;
		};
		F5A204FA22CDBFF500739A44 /* Release */ = {
			isa = XCBuildConfiguration;
			buildSettings = {
				ASSETCATALOG_COMPILER_APPICON_NAME = AppIcon;
				CODE_SIGN_STYLE = Automatic;
				DEVELOPMENT_TEAM = 79MHJG2849;
				INFOPLIST_FILE = "Tax -N- Tip/Info.plist";
				LD_RUNPATH_SEARCH_PATHS = (
					"$(inherited)",
					"@executable_path/Frameworks",
				);
				PRODUCT_BUNDLE_IDENTIFIER = "com.CodeKaizen.Tax--N--Tip";
				PRODUCT_NAME = "$(TARGET_NAME)";
				SWIFT_VERSION = 5.0;
				TARGETED_DEVICE_FAMILY = "1,2";
			};
			name = Release;
		};
/* End XCBuildConfiguration section */

/* Begin XCConfigurationList section */
		F5A204E122CDBFED00739A44 /* Build configuration list for PBXProject "Tax -N- Tip" */ = {
			isa = XCConfigurationList;
			buildConfigurations = (
				F5A204F622CDBFF500739A44 /* Debug */,
				F5A204F722CDBFF500739A44 /* Release */,
			);
			defaultConfigurationIsVisible = 0;
			defaultConfigurationName = Release;
		};
		F5A204F822CDBFF500739A44 /* Build configuration list for PBXNativeTarget "Tax -N- Tip" */ = {
			isa = XCConfigurationList;
			buildConfigurations = (
				F5A204F922CDBFF500739A44 /* Debug */,
				F5A204FA22CDBFF500739A44 /* Release */,
			);
			defaultConfigurationIsVisible = 0;
			defaultConfigurationName = Release;
		};
/* End XCConfigurationList section */
	};
	rootObject = F5A204DE22CDBFED00739A44 /* Project object */;
}
